
Microsoft Visual Studio Solution File, Format Version 12.00
# Visual Studio Version 16
VisualStudioVersion = 16.0.31112.23
MinimumVisualStudioVersion = 10.0.40219.1
Project("{888888A0-9F3D-457C-B088-3A5042F75D52}") = "mediapipe_getpose", "mediapipe_getpose.pyproj", "{AC2C6328-E984-4FDA-B166-D6D7963E87C8}"
EndProject
Global
	GlobalSection(SolutionConfigurationPlatforms) = preSolution
		Debug|Any CPU = Debug|Any CPU
		Release|Any CPU = Release|Any CPU
	EndGlobalSection
	GlobalSection(ProjectConfigurationPlatforms) = postSolution
		{AC2C6328-E984-4FDA-B166-D6D7963E87C8}.Debug|Any CPU.ActiveCfg = Debug|Any CPU
		{AC2C6328-E984-4FDA-B166-D6D7963E87C8}.Release|Any CPU.ActiveCfg = Release|Any CPU
	EndGlobalSection
	GlobalSection(SolutionProperties) = preSolution
		HideSolutionNode = FALSE
	EndGlobalSection
	GlobalSection(ExtensibilityGlobals) = postSolution
		SolutionGuid = {DC55DDF9-9D08-4B67-9E16-7F60E3A40A84}
	EndGlobalSection
EndGlobal
